
Microsoft Visual Studio Solution File, Format Version 12.00
# Visual Studio Version 17
VisualStudioVersion = 17.14.36127.28 d17.14
MinimumVisualStudioVersion = 10.0.40219.1
Project("{2150E333-8FDC-42A3-9474-1A3956D46DE8}") = "Library", "Library", "{02EA681E-C7D8-13C7-8484-4AC65E1B71E8}"
EndProject
Project("{2150E333-8FDC-42A3-9474-1A3956D46DE8}") = "Services", "Services", "{CC211501-4331-4268-B6B0-6D598AA0AB39}"
EndProject
Project("{2150E333-8FDC-42A3-9474-1A3956D46DE8}") = "Auth", "Auth", "{7801FCD4-E865-4506-8E47-612CBF048ECF}"
EndProject
Project("{2150E333-8FDC-42A3-9474-1A3956D46DE8}") = "Core", "Core", "{44ACE8B7-AFF5-4E41-B70F-B917D7084028}"
EndProject
Project("{FAE04EC0-301F-11D3-BF4B-00C04F79EFBC}") = "D.ApplicationBase", "be\Library\D.ApplicationBase\D.ApplicationBase.csproj", "{4222A9EF-04A5-442C-8AF2-008E1D8E579C}"
EndProject
Project("{FAE04EC0-301F-11D3-BF4B-00C04F79EFBC}") = "D.ControllerBase", "be\Library\D.ControllerBase\D.ControllerBase.csproj", "{0B13BDFC-0C2D-4B89-8EEC-6753268ACF68}"
EndProject
Project("{FAE04EC0-301F-11D3-BF4B-00C04F79EFBC}") = "D.InfrastructureBase", "be\Library\D.InfrastructureBase\D.InfrastructureBase.csproj", "{88A1D482-868F-451A-A46D-57B14021E4DB}"
EndProject
Project("{FAE04EC0-301F-11D3-BF4B-00C04F79EFBC}") = "D.DomainBase", "be\Library\D.DomainBase\D.DomainBase.csproj", "{7416E863-1C7E-4F0D-A5DC-1CC93E7CD977}"
EndProject
Project("{FAE04EC0-301F-11D3-BF4B-00C04F79EFBC}") = "D.Auth.API", "be\Services\Auth\D.Auth.API\D.Auth.API.csproj", "{60281FDA-C464-42F9-AFFE-CEF186340A5F}"
EndProject
Project("{FAE04EC0-301F-11D3-BF4B-00C04F79EFBC}") = "D.Auth.Application", "be\Services\Auth\D.Auth.Application\D.Auth.Application.csproj", "{021B78FE-2481-48A1-91CE-8D24D5387300}"
EndProject
Project("{FAE04EC0-301F-11D3-BF4B-00C04F79EFBC}") = "D.Auth.Domain", "be\Services\Auth\D.Auth.Domain\D.Auth.Domain.csproj", "{27B31A9C-C40A-4A74-AD0E-44511AEAC739}"
EndProject
Project("{FAE04EC0-301F-11D3-BF4B-00C04F79EFBC}") = "D.Auth.Infrastructure", "be\Services\Auth\D.Auth.Infrastructure\D.Auth.Infrastructure.csproj", "{ABD9870F-AA1B-4C5A-A53B-47CC7259B477}"
EndProject
Project("{FAE04EC0-301F-11D3-BF4B-00C04F79EFBC}") = "D.Core.API", "be\Services\Core\D.Core.API\D.Core.API.csproj", "{441FDA55-E285-49DA-96FB-B81D53E98034}"
EndProject
Project("{FAE04EC0-301F-11D3-BF4B-00C04F79EFBC}") = "D.Core.Application", "be\Services\Core\D.Core.Application\D.Core.Application.csproj", "{43D566F0-FCF4-4AED-9826-C70E8B5C4CAC}"
EndProject
Project("{FAE04EC0-301F-11D3-BF4B-00C04F79EFBC}") = "D.Core.Infrastructure", "be\Services\Core\D.Core.Infrastructure\D.Core.Infrastructure.csproj", "{77C97370-C197-40AB-A8AA-B74B14327882}"
EndProject
Project("{FAE04EC0-301F-11D3-BF4B-00C04F79EFBC}") = "D.Core.Domain", "be\Services\Core\D.Core.Domain\D.Core.Domain.csproj", "{6617A226-37FD-49D3-B13D-C556FBD3E70A}"
EndProject
Global
	GlobalSection(SolutionConfigurationPlatforms) = preSolution
		Debug|Any CPU = Debug|Any CPU
		Release|Any CPU = Release|Any CPU
	EndGlobalSection
	GlobalSection(ProjectConfigurationPlatforms) = postSolution
		{4222A9EF-04A5-442C-8AF2-008E1D8E579C}.Debug|Any CPU.ActiveCfg = Debug|Any CPU
		{4222A9EF-04A5-442C-8AF2-008E1D8E579C}.Debug|Any CPU.Build.0 = Debug|Any CPU
		{4222A9EF-04A5-442C-8AF2-008E1D8E579C}.Release|Any CPU.ActiveCfg = Release|Any CPU
		{4222A9EF-04A5-442C-8AF2-008E1D8E579C}.Release|Any CPU.Build.0 = Release|Any CPU
		{0B13BDFC-0C2D-4B89-8EEC-6753268ACF68}.Debug|Any CPU.ActiveCfg = Debug|Any CPU
		{0B13BDFC-0C2D-4B89-8EEC-6753268ACF68}.Debug|Any CPU.Build.0 = Debug|Any CPU
		{0B13BDFC-0C2D-4B89-8EEC-6753268ACF68}.Release|Any CPU.ActiveCfg = Release|Any CPU
		{0B13BDFC-0C2D-4B89-8EEC-6753268ACF68}.Release|Any CPU.Build.0 = Release|Any CPU
		{88A1D482-868F-451A-A46D-57B14021E4DB}.Debug|Any CPU.ActiveCfg = Debug|Any CPU
		{88A1D482-868F-451A-A46D-57B14021E4DB}.Debug|Any CPU.Build.0 = Debug|Any CPU
		{88A1D482-868F-451A-A46D-57B14021E4DB}.Release|Any CPU.ActiveCfg = Release|Any CPU
		{88A1D482-868F-451A-A46D-57B14021E4DB}.Release|Any CPU.Build.0 = Release|Any CPU
		{7416E863-1C7E-4F0D-A5DC-1CC93E7CD977}.Debug|Any CPU.ActiveCfg = Debug|Any CPU
		{7416E863-1C7E-4F0D-A5DC-1CC93E7CD977}.Debug|Any CPU.Build.0 = Debug|Any CPU
		{7416E863-1C7E-4F0D-A5DC-1CC93E7CD977}.Release|Any CPU.ActiveCfg = Release|Any CPU
		{7416E863-1C7E-4F0D-A5DC-1CC93E7CD977}.Release|Any CPU.Build.0 = Release|Any CPU
		{60281FDA-C464-42F9-AFFE-CEF186340A5F}.Debug|Any CPU.ActiveCfg = Debug|Any CPU
		{60281FDA-C464-42F9-AFFE-CEF186340A5F}.Debug|Any CPU.Build.0 = Debug|Any CPU
		{60281FDA-C464-42F9-AFFE-CEF186340A5F}.Release|Any CPU.ActiveCfg = Release|Any CPU
		{60281FDA-C464-42F9-AFFE-CEF186340A5F}.Release|Any CPU.Build.0 = Release|Any CPU
		{021B78FE-2481-48A1-91CE-8D24D5387300}.Debug|Any CPU.ActiveCfg = Debug|Any CPU
		{021B78FE-2481-48A1-91CE-8D24D5387300}.Debug|Any CPU.Build.0 = Debug|Any CPU
		{021B78FE-2481-48A1-91CE-8D24D5387300}.Release|Any CPU.ActiveCfg = Release|Any CPU
		{021B78FE-2481-48A1-91CE-8D24D5387300}.Release|Any CPU.Build.0 = Release|Any CPU
		{27B31A9C-C40A-4A74-AD0E-44511AEAC739}.Debug|Any CPU.ActiveCfg = Debug|Any CPU
		{27B31A9C-C40A-4A74-AD0E-44511AEAC739}.Debug|Any CPU.Build.0 = Debug|Any CPU
		{27B31A9C-C40A-4A74-AD0E-44511AEAC739}.Release|Any CPU.ActiveCfg = Release|Any CPU
		{27B31A9C-C40A-4A74-AD0E-44511AEAC739}.Release|Any CPU.Build.0 = Release|Any CPU
		{ABD9870F-AA1B-4C5A-A53B-47CC7259B477}.Debug|Any CPU.ActiveCfg = Debug|Any CPU
		{ABD9870F-AA1B-4C5A-A53B-47CC7259B477}.Debug|Any CPU.Build.0 = Debug|Any CPU
		{ABD9870F-AA1B-4C5A-A53B-47CC7259B477}.Release|Any CPU.ActiveCfg = Release|Any CPU
		{ABD9870F-AA1B-4C5A-A53B-47CC7259B477}.Release|Any CPU.Build.0 = Release|Any CPU
		{441FDA55-E285-49DA-96FB-B81D53E98034}.Debug|Any CPU.ActiveCfg = Debug|Any CPU
		{441FDA55-E285-49DA-96FB-B81D53E98034}.Debug|Any CPU.Build.0 = Debug|Any CPU
		{441FDA55-E285-49DA-96FB-B81D53E98034}.Release|Any CPU.ActiveCfg = Release|Any CPU
		{441FDA55-E285-49DA-96FB-B81D53E98034}.Release|Any CPU.Build.0 = Release|Any CPU
		{43D566F0-FCF4-4AED-9826-C70E8B5C4CAC}.Debug|Any CPU.ActiveCfg = Debug|Any CPU
		{43D566F0-FCF4-4AED-9826-C70E8B5C4CAC}.Debug|Any CPU.Build.0 = Debug|Any CPU
		{43D566F0-FCF4-4AED-9826-C70E8B5C4CAC}.Release|Any CPU.ActiveCfg = Release|Any CPU
		{43D566F0-FCF4-4AED-9826-C70E8B5C4CAC}.Release|Any CPU.Build.0 = Release|Any CPU
		{77C97370-C197-40AB-A8AA-B74B14327882}.Debug|Any CPU.ActiveCfg = Debug|Any CPU
		{77C97370-C197-40AB-A8AA-B74B14327882}.Debug|Any CPU.Build.0 = Debug|Any CPU
		{77C97370-C197-40AB-A8AA-B74B14327882}.Release|Any CPU.ActiveCfg = Release|Any CPU
		{77C97370-C197-40AB-A8AA-B74B14327882}.Release|Any CPU.Build.0 = Release|Any CPU
		{6617A226-37FD-49D3-B13D-C556FBD3E70A}.Debug|Any CPU.ActiveCfg = Debug|Any CPU
		{6617A226-37FD-49D3-B13D-C556FBD3E70A}.Debug|Any CPU.Build.0 = Debug|Any CPU
		{6617A226-37FD-49D3-B13D-C556FBD3E70A}.Release|Any CPU.ActiveCfg = Release|Any CPU
		{6617A226-37FD-49D3-B13D-C556FBD3E70A}.Release|Any CPU.Build.0 = Release|Any CPU
	EndGlobalSection
	GlobalSection(SolutionProperties) = preSolution
		HideSolutionNode = FALSE
	EndGlobalSection
	GlobalSection(NestedProjects) = preSolution
		{7801FCD4-E865-4506-8E47-612CBF048ECF} = {CC211501-4331-4268-B6B0-6D598AA0AB39}
		{44ACE8B7-AFF5-4E41-B70F-B917D7084028} = {CC211501-4331-4268-B6B0-6D598AA0AB39}
		{4222A9EF-04A5-442C-8AF2-008E1D8E579C} = {02EA681E-C7D8-13C7-8484-4AC65E1B71E8}
		{0B13BDFC-0C2D-4B89-8EEC-6753268ACF68} = {02EA681E-C7D8-13C7-8484-4AC65E1B71E8}
		{88A1D482-868F-451A-A46D-57B14021E4DB} = {02EA681E-C7D8-13C7-8484-4AC65E1B71E8}
		{7416E863-1C7E-4F0D-A5DC-1CC93E7CD977} = {02EA681E-C7D8-13C7-8484-4AC65E1B71E8}
		{60281FDA-C464-42F9-AFFE-CEF186340A5F} = {7801FCD4-E865-4506-8E47-612CBF048ECF}
		{021B78FE-2481-48A1-91CE-8D24D5387300} = {7801FCD4-E865-4506-8E47-612CBF048ECF}
		{27B31A9C-C40A-4A74-AD0E-44511AEAC739} = {7801FCD4-E865-4506-8E47-612CBF048ECF}
		{ABD9870F-AA1B-4C5A-A53B-47CC7259B477} = {7801FCD4-E865-4506-8E47-612CBF048ECF}
		{441FDA55-E285-49DA-96FB-B81D53E98034} = {44ACE8B7-AFF5-4E41-B70F-B917D7084028}
		{43D566F0-FCF4-4AED-9826-C70E8B5C4CAC} = {44ACE8B7-AFF5-4E41-B70F-B917D7084028}
		{77C97370-C197-40AB-A8AA-B74B14327882} = {44ACE8B7-AFF5-4E41-B70F-B917D7084028}
		{6617A226-37FD-49D3-B13D-C556FBD3E70A} = {44ACE8B7-AFF5-4E41-B70F-B917D7084028}
	EndGlobalSection
	GlobalSection(ExtensibilityGlobals) = postSolution
		SolutionGuid = {138497AB-6F6C-4F69-B0B6-F8D5E72E2BB0}
	EndGlobalSection
EndGlobal
