
Microsoft Visual Studio Solution File, Format Version 12.00
# Visual Studio Version 17
VisualStudioVersion = 17.14.36127.28
MinimumVisualStudioVersion = 10.0.40219.1
Project("{2150E333-8FDC-42A3-9474-1A3956D46DE8}") = "Library", "Library", "{02EA681E-C7D8-13C7-8484-4AC65E1B71E8}"
EndProject
Project("{2150E333-8FDC-42A3-9474-1A3956D46DE8}") = "Services", "Services", "{CC211501-4331-4268-B6B0-6D598AA0AB39}"
EndProject
Project("{2150E333-8FDC-42A3-9474-1A3956D46DE8}") = "Auth", "Auth", "{7801FCD4-E865-4506-8E47-612CBF048ECF}"
EndProject
Project("{2150E333-8FDC-42A3-9474-1A3956D46DE8}") = "Core", "Core", "{44ACE8B7-AFF5-4E41-B70F-B917D7084028}"
EndProject
Project("{FAE04EC0-301F-11D3-BF4B-00C04F79EFBC}") = "D.ApplicationBase", "Library\D.ApplicationBase\D.ApplicationBase.csproj", "{66637604-5A37-41DE-AD33-EAAF4973CC9B}"
EndProject
Project("{FAE04EC0-301F-11D3-BF4B-00C04F79EFBC}") = "D.DomainBase", "Library\D.DomainBase\D.DomainBase.csproj", "{0FAE51CC-3C83-4F24-AA60-9D10BE1FE4A2}"
EndProject
Project("{FAE04EC0-301F-11D3-BF4B-00C04F79EFBC}") = "D.InfrastructureBase", "Library\D.InfrastructureBase\D.InfrastructureBase.csproj", "{30CDCFAF-EE48-4A30-956A-D76C04D90E99}"
EndProject
Project("{FAE04EC0-301F-11D3-BF4B-00C04F79EFBC}") = "D.ControllerBase", "Library\D.ControllerBase\D.ControllerBase.csproj", "{F5B82E2B-1873-40F9-8E20-42475460D01A}"
EndProject
Project("{FAE04EC0-301F-11D3-BF4B-00C04F79EFBC}") = "D.Auth.API", "Services\Auth\D.Auth.API\D.Auth.API.csproj", "{9E916473-95E9-4C26-94E7-E368558911D8}"
EndProject
Project("{FAE04EC0-301F-11D3-BF4B-00C04F79EFBC}") = "D.Auth.Domain", "Services\Auth\D.Auth.Domain\D.Auth.Domain.csproj", "{7C3B2BAB-E5FD-46A0-AFD0-715B6B829015}"
EndProject
Project("{FAE04EC0-301F-11D3-BF4B-00C04F79EFBC}") = "D.Auth.Application", "Services\Auth\D.Auth.Application\D.Auth.Application.csproj", "{8982D23B-86CB-4261-A3D1-C22B3E1787E2}"
EndProject
Project("{FAE04EC0-301F-11D3-BF4B-00C04F79EFBC}") = "D.Auth.Infrastructure", "Services\Auth\D.Auth.Infrastructure\D.Auth.Infrastructure.csproj", "{01AEE615-E583-4AAA-987B-600AF32F56EF}"
EndProject
Project("{FAE04EC0-301F-11D3-BF4B-00C04F79EFBC}") = "D.Core.API", "Services\Core\D.Core.API\D.Core.API.csproj", "{3F54ABD0-2AD2-4BF3-B758-BFE673F04504}"
EndProject
Project("{FAE04EC0-301F-11D3-BF4B-00C04F79EFBC}") = "D.Core.Domain", "Services\Core\D.Core.Domain\D.Core.Domain.csproj", "{35F4C2BA-EE50-4126-80C5-C10BB4457E3E}"
EndProject
Project("{FAE04EC0-301F-11D3-BF4B-00C04F79EFBC}") = "D.Core.Infrastructure", "Services\Core\D.Core.Infrastructure\D.Core.Infrastructure.csproj", "{9B93A657-CD59-41D9-87D8-EEC57F7B8986}"
EndProject
Project("{FAE04EC0-301F-11D3-BF4B-00C04F79EFBC}") = "D.Core.Application", "Services\Core\D.Core.Application\D.Core.Application.csproj", "{4CAFFB53-08FD-48B0-BBA7-495265344C77}"
EndProject
Project("{2150E333-8FDC-42A3-9474-1A3956D46DE8}") = "Shared", "Shared", "{11FCE6AA-D287-48AE-B641-F0EA494DA0C4}"
EndProject
Project("{FAE04EC0-301F-11D3-BF4B-00C04F79EFBC}") = "d.Shared.Permission", "Services\Shared\d.Shared.Permission\d.Shared.Permission.csproj", "{83C9C7B4-E455-4BDF-994B-BA85AC8AC7F4}"
EndProject
Project("{FAE04EC0-301F-11D3-BF4B-00C04F79EFBC}") = "D.S3Bucket", "Library\D.S3Bucket\D.S3Bucket.csproj", "{B2E2B27F-77B0-4783-883E-E8A888D1CD8B}"
EndProject
Project("{FAE04EC0-301F-11D3-BF4B-00C04F79EFBC}") = "D.Notification", "Library\D.Notification\D.Notification.csproj", "{4CA3A58C-F0A4-4522-9705-8D421B8CCED0}"
EndProject
Project("{FAE04EC0-301F-11D3-BF4B-00C04F79EFBC}") = "D.Constants", "Services\Shared\D.Constants\D.Constants.csproj", "{BD09ED69-0E7F-4AB5-8FC9-DD99795B0EB8}"
EndProject
<<<<<<< HEAD
Project("{FAE04EC0-301F-11D3-BF4B-00C04F79EFBC}") = "D.Untils", "Library\D.Untils\D.Untils\D.Untils.csproj", "{92E54F22-8399-47BC-BCD9-37B9E57015DF}"
=======
Project("{FAE04EC0-301F-11D3-BF4B-00C04F79EFBC}") = "D.Embedding", "Library\D.Embedding\D.Embedding\D.Embedding.csproj", "{411706CF-4F0F-4E98-87FF-32AAC13180FB}"
EndProject
Project("{FAE04EC0-301F-11D3-BF4B-00C04F79EFBC}") = "D.QdrantClient", "Library\D.QdrantClient\D.QdrantClient\D.QdrantClient.csproj", "{97DAC7F0-CF53-4031-98FD-2E416545E710}"
>>>>>>> 71fb0bc813757b23eaefc6049bf07bff820339ec
EndProject
Global
	GlobalSection(SolutionConfigurationPlatforms) = preSolution
		Debug|Any CPU = Debug|Any CPU
		Release|Any CPU = Release|Any CPU
	EndGlobalSection
	GlobalSection(ProjectConfigurationPlatforms) = postSolution
		{66637604-5A37-41DE-AD33-EAAF4973CC9B}.Debug|Any CPU.ActiveCfg = Debug|Any CPU
		{66637604-5A37-41DE-AD33-EAAF4973CC9B}.Debug|Any CPU.Build.0 = Debug|Any CPU
		{66637604-5A37-41DE-AD33-EAAF4973CC9B}.Release|Any CPU.ActiveCfg = Release|Any CPU
		{66637604-5A37-41DE-AD33-EAAF4973CC9B}.Release|Any CPU.Build.0 = Release|Any CPU
		{0FAE51CC-3C83-4F24-AA60-9D10BE1FE4A2}.Debug|Any CPU.ActiveCfg = Debug|Any CPU
		{0FAE51CC-3C83-4F24-AA60-9D10BE1FE4A2}.Debug|Any CPU.Build.0 = Debug|Any CPU
		{0FAE51CC-3C83-4F24-AA60-9D10BE1FE4A2}.Release|Any CPU.ActiveCfg = Release|Any CPU
		{0FAE51CC-3C83-4F24-AA60-9D10BE1FE4A2}.Release|Any CPU.Build.0 = Release|Any CPU
		{30CDCFAF-EE48-4A30-956A-D76C04D90E99}.Debug|Any CPU.ActiveCfg = Debug|Any CPU
		{30CDCFAF-EE48-4A30-956A-D76C04D90E99}.Debug|Any CPU.Build.0 = Debug|Any CPU
		{30CDCFAF-EE48-4A30-956A-D76C04D90E99}.Release|Any CPU.ActiveCfg = Release|Any CPU
		{30CDCFAF-EE48-4A30-956A-D76C04D90E99}.Release|Any CPU.Build.0 = Release|Any CPU
		{F5B82E2B-1873-40F9-8E20-42475460D01A}.Debug|Any CPU.ActiveCfg = Debug|Any CPU
		{F5B82E2B-1873-40F9-8E20-42475460D01A}.Debug|Any CPU.Build.0 = Debug|Any CPU
		{F5B82E2B-1873-40F9-8E20-42475460D01A}.Release|Any CPU.ActiveCfg = Release|Any CPU
		{F5B82E2B-1873-40F9-8E20-42475460D01A}.Release|Any CPU.Build.0 = Release|Any CPU
		{9E916473-95E9-4C26-94E7-E368558911D8}.Debug|Any CPU.ActiveCfg = Debug|Any CPU
		{9E916473-95E9-4C26-94E7-E368558911D8}.Debug|Any CPU.Build.0 = Debug|Any CPU
		{9E916473-95E9-4C26-94E7-E368558911D8}.Release|Any CPU.ActiveCfg = Release|Any CPU
		{9E916473-95E9-4C26-94E7-E368558911D8}.Release|Any CPU.Build.0 = Release|Any CPU
		{7C3B2BAB-E5FD-46A0-AFD0-715B6B829015}.Debug|Any CPU.ActiveCfg = Debug|Any CPU
		{7C3B2BAB-E5FD-46A0-AFD0-715B6B829015}.Debug|Any CPU.Build.0 = Debug|Any CPU
		{7C3B2BAB-E5FD-46A0-AFD0-715B6B829015}.Release|Any CPU.ActiveCfg = Release|Any CPU
		{7C3B2BAB-E5FD-46A0-AFD0-715B6B829015}.Release|Any CPU.Build.0 = Release|Any CPU
		{8982D23B-86CB-4261-A3D1-C22B3E1787E2}.Debug|Any CPU.ActiveCfg = Debug|Any CPU
		{8982D23B-86CB-4261-A3D1-C22B3E1787E2}.Debug|Any CPU.Build.0 = Debug|Any CPU
		{8982D23B-86CB-4261-A3D1-C22B3E1787E2}.Release|Any CPU.ActiveCfg = Release|Any CPU
		{8982D23B-86CB-4261-A3D1-C22B3E1787E2}.Release|Any CPU.Build.0 = Release|Any CPU
		{01AEE615-E583-4AAA-987B-600AF32F56EF}.Debug|Any CPU.ActiveCfg = Debug|Any CPU
		{01AEE615-E583-4AAA-987B-600AF32F56EF}.Debug|Any CPU.Build.0 = Debug|Any CPU
		{01AEE615-E583-4AAA-987B-600AF32F56EF}.Release|Any CPU.ActiveCfg = Release|Any CPU
		{01AEE615-E583-4AAA-987B-600AF32F56EF}.Release|Any CPU.Build.0 = Release|Any CPU
		{3F54ABD0-2AD2-4BF3-B758-BFE673F04504}.Debug|Any CPU.ActiveCfg = Debug|Any CPU
		{3F54ABD0-2AD2-4BF3-B758-BFE673F04504}.Debug|Any CPU.Build.0 = Debug|Any CPU
		{3F54ABD0-2AD2-4BF3-B758-BFE673F04504}.Release|Any CPU.ActiveCfg = Release|Any CPU
		{3F54ABD0-2AD2-4BF3-B758-BFE673F04504}.Release|Any CPU.Build.0 = Release|Any CPU
		{35F4C2BA-EE50-4126-80C5-C10BB4457E3E}.Debug|Any CPU.ActiveCfg = Debug|Any CPU
		{35F4C2BA-EE50-4126-80C5-C10BB4457E3E}.Debug|Any CPU.Build.0 = Debug|Any CPU
		{35F4C2BA-EE50-4126-80C5-C10BB4457E3E}.Release|Any CPU.ActiveCfg = Release|Any CPU
		{35F4C2BA-EE50-4126-80C5-C10BB4457E3E}.Release|Any CPU.Build.0 = Release|Any CPU
		{9B93A657-CD59-41D9-87D8-EEC57F7B8986}.Debug|Any CPU.ActiveCfg = Debug|Any CPU
		{9B93A657-CD59-41D9-87D8-EEC57F7B8986}.Debug|Any CPU.Build.0 = Debug|Any CPU
		{9B93A657-CD59-41D9-87D8-EEC57F7B8986}.Release|Any CPU.ActiveCfg = Release|Any CPU
		{9B93A657-CD59-41D9-87D8-EEC57F7B8986}.Release|Any CPU.Build.0 = Release|Any CPU
		{4CAFFB53-08FD-48B0-BBA7-495265344C77}.Debug|Any CPU.ActiveCfg = Debug|Any CPU
		{4CAFFB53-08FD-48B0-BBA7-495265344C77}.Debug|Any CPU.Build.0 = Debug|Any CPU
		{4CAFFB53-08FD-48B0-BBA7-495265344C77}.Release|Any CPU.ActiveCfg = Release|Any CPU
		{4CAFFB53-08FD-48B0-BBA7-495265344C77}.Release|Any CPU.Build.0 = Release|Any CPU
		{83C9C7B4-E455-4BDF-994B-BA85AC8AC7F4}.Debug|Any CPU.ActiveCfg = Debug|Any CPU
		{83C9C7B4-E455-4BDF-994B-BA85AC8AC7F4}.Debug|Any CPU.Build.0 = Debug|Any CPU
		{83C9C7B4-E455-4BDF-994B-BA85AC8AC7F4}.Release|Any CPU.ActiveCfg = Release|Any CPU
		{83C9C7B4-E455-4BDF-994B-BA85AC8AC7F4}.Release|Any CPU.Build.0 = Release|Any CPU
		{B2E2B27F-77B0-4783-883E-E8A888D1CD8B}.Debug|Any CPU.ActiveCfg = Debug|Any CPU
		{B2E2B27F-77B0-4783-883E-E8A888D1CD8B}.Debug|Any CPU.Build.0 = Debug|Any CPU
		{B2E2B27F-77B0-4783-883E-E8A888D1CD8B}.Release|Any CPU.ActiveCfg = Release|Any CPU
		{B2E2B27F-77B0-4783-883E-E8A888D1CD8B}.Release|Any CPU.Build.0 = Release|Any CPU
		{4CA3A58C-F0A4-4522-9705-8D421B8CCED0}.Debug|Any CPU.ActiveCfg = Debug|Any CPU
		{4CA3A58C-F0A4-4522-9705-8D421B8CCED0}.Debug|Any CPU.Build.0 = Debug|Any CPU
		{4CA3A58C-F0A4-4522-9705-8D421B8CCED0}.Release|Any CPU.ActiveCfg = Release|Any CPU
		{4CA3A58C-F0A4-4522-9705-8D421B8CCED0}.Release|Any CPU.Build.0 = Release|Any CPU
		{BD09ED69-0E7F-4AB5-8FC9-DD99795B0EB8}.Debug|Any CPU.ActiveCfg = Debug|Any CPU
		{BD09ED69-0E7F-4AB5-8FC9-DD99795B0EB8}.Debug|Any CPU.Build.0 = Debug|Any CPU
		{BD09ED69-0E7F-4AB5-8FC9-DD99795B0EB8}.Release|Any CPU.ActiveCfg = Release|Any CPU
		{BD09ED69-0E7F-4AB5-8FC9-DD99795B0EB8}.Release|Any CPU.Build.0 = Release|Any CPU
<<<<<<< HEAD
		{92E54F22-8399-47BC-BCD9-37B9E57015DF}.Debug|Any CPU.ActiveCfg = Debug|Any CPU
		{92E54F22-8399-47BC-BCD9-37B9E57015DF}.Debug|Any CPU.Build.0 = Debug|Any CPU
		{92E54F22-8399-47BC-BCD9-37B9E57015DF}.Release|Any CPU.ActiveCfg = Release|Any CPU
		{92E54F22-8399-47BC-BCD9-37B9E57015DF}.Release|Any CPU.Build.0 = Release|Any CPU
=======
		{411706CF-4F0F-4E98-87FF-32AAC13180FB}.Debug|Any CPU.ActiveCfg = Debug|Any CPU
		{411706CF-4F0F-4E98-87FF-32AAC13180FB}.Debug|Any CPU.Build.0 = Debug|Any CPU
		{411706CF-4F0F-4E98-87FF-32AAC13180FB}.Release|Any CPU.ActiveCfg = Release|Any CPU
		{411706CF-4F0F-4E98-87FF-32AAC13180FB}.Release|Any CPU.Build.0 = Release|Any CPU
		{97DAC7F0-CF53-4031-98FD-2E416545E710}.Debug|Any CPU.ActiveCfg = Debug|Any CPU
		{97DAC7F0-CF53-4031-98FD-2E416545E710}.Debug|Any CPU.Build.0 = Debug|Any CPU
		{97DAC7F0-CF53-4031-98FD-2E416545E710}.Release|Any CPU.ActiveCfg = Release|Any CPU
		{97DAC7F0-CF53-4031-98FD-2E416545E710}.Release|Any CPU.Build.0 = Release|Any CPU
>>>>>>> 71fb0bc813757b23eaefc6049bf07bff820339ec
	EndGlobalSection
	GlobalSection(SolutionProperties) = preSolution
		HideSolutionNode = FALSE
	EndGlobalSection
	GlobalSection(NestedProjects) = preSolution
		{7801FCD4-E865-4506-8E47-612CBF048ECF} = {CC211501-4331-4268-B6B0-6D598AA0AB39}
		{44ACE8B7-AFF5-4E41-B70F-B917D7084028} = {CC211501-4331-4268-B6B0-6D598AA0AB39}
		{66637604-5A37-41DE-AD33-EAAF4973CC9B} = {02EA681E-C7D8-13C7-8484-4AC65E1B71E8}
		{0FAE51CC-3C83-4F24-AA60-9D10BE1FE4A2} = {02EA681E-C7D8-13C7-8484-4AC65E1B71E8}
		{30CDCFAF-EE48-4A30-956A-D76C04D90E99} = {02EA681E-C7D8-13C7-8484-4AC65E1B71E8}
		{F5B82E2B-1873-40F9-8E20-42475460D01A} = {02EA681E-C7D8-13C7-8484-4AC65E1B71E8}
		{9E916473-95E9-4C26-94E7-E368558911D8} = {7801FCD4-E865-4506-8E47-612CBF048ECF}
		{7C3B2BAB-E5FD-46A0-AFD0-715B6B829015} = {7801FCD4-E865-4506-8E47-612CBF048ECF}
		{8982D23B-86CB-4261-A3D1-C22B3E1787E2} = {7801FCD4-E865-4506-8E47-612CBF048ECF}
		{01AEE615-E583-4AAA-987B-600AF32F56EF} = {7801FCD4-E865-4506-8E47-612CBF048ECF}
		{3F54ABD0-2AD2-4BF3-B758-BFE673F04504} = {44ACE8B7-AFF5-4E41-B70F-B917D7084028}
		{35F4C2BA-EE50-4126-80C5-C10BB4457E3E} = {44ACE8B7-AFF5-4E41-B70F-B917D7084028}
		{9B93A657-CD59-41D9-87D8-EEC57F7B8986} = {44ACE8B7-AFF5-4E41-B70F-B917D7084028}
		{4CAFFB53-08FD-48B0-BBA7-495265344C77} = {44ACE8B7-AFF5-4E41-B70F-B917D7084028}
		{11FCE6AA-D287-48AE-B641-F0EA494DA0C4} = {CC211501-4331-4268-B6B0-6D598AA0AB39}
		{83C9C7B4-E455-4BDF-994B-BA85AC8AC7F4} = {11FCE6AA-D287-48AE-B641-F0EA494DA0C4}
		{B2E2B27F-77B0-4783-883E-E8A888D1CD8B} = {02EA681E-C7D8-13C7-8484-4AC65E1B71E8}
		{4CA3A58C-F0A4-4522-9705-8D421B8CCED0} = {02EA681E-C7D8-13C7-8484-4AC65E1B71E8}
		{BD09ED69-0E7F-4AB5-8FC9-DD99795B0EB8} = {11FCE6AA-D287-48AE-B641-F0EA494DA0C4}
<<<<<<< HEAD
		{92E54F22-8399-47BC-BCD9-37B9E57015DF} = {02EA681E-C7D8-13C7-8484-4AC65E1B71E8}
=======
		{411706CF-4F0F-4E98-87FF-32AAC13180FB} = {02EA681E-C7D8-13C7-8484-4AC65E1B71E8}
		{97DAC7F0-CF53-4031-98FD-2E416545E710} = {02EA681E-C7D8-13C7-8484-4AC65E1B71E8}
>>>>>>> 71fb0bc813757b23eaefc6049bf07bff820339ec
	EndGlobalSection
	GlobalSection(ExtensibilityGlobals) = postSolution
		SolutionGuid = {138497AB-6F6C-4F69-B0B6-F8D5E72E2BB0}
	EndGlobalSection
EndGlobal
